// !$*UTF8*$!
{
	archiveVersion = 1;
	classes = {
	};
	objectVersion = 55;
	objects = {

/* Begin PBXBuildFile section */
		9351140727CDAD01002A6C9E /* AppDelegate.m in Sources */ = {isa = PBXBuildFile; fileRef = 9351140627CDAD01002A6C9E /* AppDelegate.m */; };
		9351140927CDAD03002A6C9E /* Assets.xcassets in Resources */ = {isa = PBXBuildFile; fileRef = 9351140827CDAD03002A6C9E /* Assets.xcassets */; };
		9351140C27CDAD03002A6C9E /* MainMenu.xib in Resources */ = {isa = PBXBuildFile; fileRef = 9351140A27CDAD03002A6C9E /* MainMenu.xib */; };
		9351140E27CDAD03002A6C9E /* main.m in Sources */ = {isa = PBXBuildFile; fileRef = 9351140D27CDAD03002A6C9E /* main.m */; };
		9351141B27CDAF3F002A6C9E /* CH26xEncoder.m in Sources */ = {isa = PBXBuildFile; fileRef = 9351141927CDAF3E002A6C9E /* CH26xEncoder.m */; };
		9351142027CDAF70002A6C9E /* PreviewVideoView.m in Sources */ = {isa = PBXBuildFile; fileRef = 9351141D27CDAF70002A6C9E /* PreviewVideoView.m */; };
		9351142127CDAF70002A6C9E /* VideoCapturer.m in Sources */ = {isa = PBXBuildFile; fileRef = 9351141F27CDAF70002A6C9E /* VideoCapturer.m */; };
		9351142927CDB4C1002A6C9E /* BufferVideoView.m in Sources */ = {isa = PBXBuildFile; fileRef = 9351142627CDB4C1002A6C9E /* BufferVideoView.m */; };
		935114CD27CDF024002A6C9E /* WindowCapturer.m in Sources */ = {isa = PBXBuildFile; fileRef = 935114CC27CDF024002A6C9E /* WindowCapturer.m */; };
/* End PBXBuildFile section */

/* Begin PBXCopyFilesBuildPhase section */
		935114AE27CDBD78002A6C9E /* Embed Libraries */ = {
			isa = PBXCopyFilesBuildPhase;
			buildActionMask = 2147483647;
			dstPath = "";
			dstSubfolderSpec = 10;
			files = (
			);
			name = "Embed Libraries";
			runOnlyForDeploymentPostprocessing = 0;
		};
/* End PBXCopyFilesBuildPhase section */

/* Begin PBXFileReference section */
		9351140227CDAD01002A6C9E /* MacScreenShare.app */ = {isa = PBXFileReference; explicitFileType = wrapper.application; includeInIndex = 0; path = MacScreenShare.app; sourceTree = BUILT_PRODUCTS_DIR; };
		9351140527CDAD01002A6C9E /* AppDelegate.h */ = {isa = PBXFileReference; lastKnownFileType = sourcecode.c.h; path = AppDelegate.h; sourceTree = "<group>"; };
		9351140627CDAD01002A6C9E /* AppDelegate.m */ = {isa = PBXFileReference; lastKnownFileType = sourcecode.c.objc; path = AppDelegate.m; sourceTree = "<group>"; };
		9351140827CDAD03002A6C9E /* Assets.xcassets */ = {isa = PBXFileReference; lastKnownFileType = folder.assetcatalog; path = Assets.xcassets; sourceTree = "<group>"; };
		9351140B27CDAD03002A6C9E /* Base */ = {isa = PBXFileReference; lastKnownFileType = file.xib; name = Base; path = Base.lproj/MainMenu.xib; sourceTree = "<group>"; };
		9351140D27CDAD03002A6C9E /* main.m */ = {isa = PBXFileReference; lastKnownFileType = sourcecode.c.objc; path = main.m; sourceTree = "<group>"; };
		9351140F27CDAD03002A6C9E /* MacScreenShare.entitlements */ = {isa = PBXFileReference; lastKnownFileType = text.plist.entitlements; path = MacScreenShare.entitlements; sourceTree = "<group>"; };
		9351141727CDADB9002A6C9E /* Info.plist */ = {isa = PBXFileReference; lastKnownFileType = text.plist.xml; path = Info.plist; sourceTree = "<group>"; };
		9351141927CDAF3E002A6C9E /* CH26xEncoder.m */ = {isa = PBXFileReference; fileEncoding = 4; lastKnownFileType = sourcecode.c.objc; path = CH26xEncoder.m; sourceTree = "<group>"; };
		9351141A27CDAF3E002A6C9E /* CH26xEncoder.h */ = {isa = PBXFileReference; fileEncoding = 4; lastKnownFileType = sourcecode.c.h; path = CH26xEncoder.h; sourceTree = "<group>"; };
		9351141C27CDAF70002A6C9E /* VideoCapturer.h */ = {isa = PBXFileReference; fileEncoding = 4; lastKnownFileType = sourcecode.c.h; path = VideoCapturer.h; sourceTree = "<group>"; };
		9351141D27CDAF70002A6C9E /* PreviewVideoView.m */ = {isa = PBXFileReference; fileEncoding = 4; lastKnownFileType = sourcecode.c.objc; path = PreviewVideoView.m; sourceTree = "<group>"; };
		9351141E27CDAF70002A6C9E /* PreviewVideoView.h */ = {isa = PBXFileReference; fileEncoding = 4; lastKnownFileType = sourcecode.c.h; path = PreviewVideoView.h; sourceTree = "<group>"; };
		9351141F27CDAF70002A6C9E /* VideoCapturer.m */ = {isa = PBXFileReference; fileEncoding = 4; lastKnownFileType = sourcecode.c.objc; path = VideoCapturer.m; sourceTree = "<group>"; };
		9351142327CDB4C1002A6C9E /* BufferVideoView.h */ = {isa = PBXFileReference; fileEncoding = 4; lastKnownFileType = sourcecode.c.h; path = BufferVideoView.h; sourceTree = "<group>"; };
		9351142627CDB4C1002A6C9E /* BufferVideoView.m */ = {isa = PBXFileReference; fileEncoding = 4; lastKnownFileType = sourcecode.c.objc; path = BufferVideoView.m; sourceTree = "<group>"; };
		935114CB27CDF024002A6C9E /* WindowCapturer.h */ = {isa = PBXFileReference; lastKnownFileType = sourcecode.c.h; path = WindowCapturer.h; sourceTree = "<group>"; };
		935114CC27CDF024002A6C9E /* WindowCapturer.m */ = {isa = PBXFileReference; lastKnownFileType = sourcecode.c.objc; path = WindowCapturer.m; sourceTree = "<group>"; };
/* End PBXFileReference section */

/* Begin PBXFrameworksBuildPhase section */
		935113FF27CDAD01002A6C9E /* Frameworks */ = {
			isa = PBXFrameworksBuildPhase;
			buildActionMask = 2147483647;
			files = (
			);
			runOnlyForDeploymentPostprocessing = 0;
		};
/* End PBXFrameworksBuildPhase section */

/* Begin PBXGroup section */
		935113F927CDAD01002A6C9E = {
			isa = PBXGroup;
			children = (
				9351140427CDAD01002A6C9E /* MacScreenShare */,
				9351140327CDAD01002A6C9E /* Products */,
				9351143D27CDB908002A6C9E /* Frameworks */,
			);
			sourceTree = "<group>";
		};
		9351140327CDAD01002A6C9E /* Products */ = {
			isa = PBXGroup;
			children = (
				9351140227CDAD01002A6C9E /* MacScreenShare.app */,
			);
			name = Products;
			sourceTree = "<group>";
		};
		9351140427CDAD01002A6C9E /* MacScreenShare */ = {
			isa = PBXGroup;
			children = (
				9351141A27CDAF3E002A6C9E /* CH26xEncoder.h */,
				9351141927CDAF3E002A6C9E /* CH26xEncoder.m */,
				9351141527CDAD81002A6C9E /* ScreenShare */,
				9351142227CDB481002A6C9E /* WindowShare */,
				9351140527CDAD01002A6C9E /* AppDelegate.h */,
				9351140627CDAD01002A6C9E /* AppDelegate.m */,
				9351140827CDAD03002A6C9E /* Assets.xcassets */,
				9351140A27CDAD03002A6C9E /* MainMenu.xib */,
				9351140D27CDAD03002A6C9E /* main.m */,
				9351140F27CDAD03002A6C9E /* MacScreenShare.entitlements */,
				9351141727CDADB9002A6C9E /* Info.plist */,
			);
			path = MacScreenShare;
			sourceTree = "<group>";
		};
		9351141527CDAD81002A6C9E /* ScreenShare */ = {
			isa = PBXGroup;
			children = (
				9351141E27CDAF70002A6C9E /* PreviewVideoView.h */,
				9351141D27CDAF70002A6C9E /* PreviewVideoView.m */,
				9351141C27CDAF70002A6C9E /* VideoCapturer.h */,
				9351141F27CDAF70002A6C9E /* VideoCapturer.m */,
			);
			name = ScreenShare;
			sourceTree = "<group>";
		};
		9351142227CDB481002A6C9E /* WindowShare */ = {
			isa = PBXGroup;
			children = (
				9351142327CDB4C1002A6C9E /* BufferVideoView.h */,
				9351142627CDB4C1002A6C9E /* BufferVideoView.m */,
				935114CB27CDF024002A6C9E /* WindowCapturer.h */,
				935114CC27CDF024002A6C9E /* WindowCapturer.m */,
			);
			name = WindowShare;
			sourceTree = "<group>";
		};
		9351143D27CDB908002A6C9E /* Frameworks */ = {
			isa = PBXGroup;
			children = (
			);
			name = Frameworks;
			sourceTree = "<group>";
		};
/* End PBXGroup section */

/* Begin PBXNativeTarget section */
		9351140127CDAD01002A6C9E /* MacScreenShare */ = {
			isa = PBXNativeTarget;
			buildConfigurationList = 9351141227CDAD03002A6C9E /* Build configuration list for PBXNativeTarget "MacScreenShare" */;
			buildPhases = (
				935113FE27CDAD01002A6C9E /* Sources */,
				935113FF27CDAD01002A6C9E /* Frameworks */,
				9351140027CDAD01002A6C9E /* Resources */,
				935114AE27CDBD78002A6C9E /* Embed Libraries */,
			);
			buildRules = (
			);
			dependencies = (
			);
			name = MacScreenShare;
			productName = MacScreenShare;
			productReference = 9351140227CDAD01002A6C9E /* MacScreenShare.app */;
			productType = "com.apple.product-type.application";
		};
/* End PBXNativeTarget section */

/* Begin PBXProject section */
		935113FA27CDAD01002A6C9E /* Project object */ = {
			isa = PBXProject;
			attributes = {
				BuildIndependentTargetsInParallel = 1;
				LastUpgradeCheck = 1320;
				TargetAttributes = {
					9351140127CDAD01002A6C9E = {
						CreatedOnToolsVersion = 13.2.1;
					};
				};
			};
			buildConfigurationList = 935113FD27CDAD01002A6C9E /* Build configuration list for PBXProject "MacScreenShare" */;
			compatibilityVersion = "Xcode 13.0";
			developmentRegion = en;
			hasScannedForEncodings = 0;
			knownRegions = (
				en,
				Base,
			);
			mainGroup = 935113F927CDAD01002A6C9E;
			productRefGroup = 9351140327CDAD01002A6C9E /* Products */;
			projectDirPath = "";
			projectRoot = "";
			targets = (
				9351140127CDAD01002A6C9E /* MacScreenShare */,
			);
		};
/* End PBXProject section */

/* Begin PBXResourcesBuildPhase section */
		9351140027CDAD01002A6C9E /* Resources */ = {
			isa = PBXResourcesBuildPhase;
			buildActionMask = 2147483647;
			files = (
				9351140927CDAD03002A6C9E /* Assets.xcassets in Resources */,
				9351140C27CDAD03002A6C9E /* MainMenu.xib in Resources */,
			);
			runOnlyForDeploymentPostprocessing = 0;
		};
/* End PBXResourcesBuildPhase section */

/* Begin PBXSourcesBuildPhase section */
		935113FE27CDAD01002A6C9E /* Sources */ = {
			isa = PBXSourcesBuildPhase;
			buildActionMask = 2147483647;
			files = (
				9351142927CDB4C1002A6C9E /* BufferVideoView.m in Sources */,
				935114CD27CDF024002A6C9E /* WindowCapturer.m in Sources */,
				9351140E27CDAD03002A6C9E /* main.m in Sources */,
				9351142027CDAF70002A6C9E /* PreviewVideoView.m in Sources */,
				9351141B27CDAF3F002A6C9E /* CH26xEncoder.m in Sources */,
				9351140727CDAD01002A6C9E /* AppDelegate.m in Sources */,
				9351142127CDAF70002A6C9E /* VideoCapturer.m in Sources */,
			);
			runOnlyForDeploymentPostprocessing = 0;
		};
/* End PBXSourcesBuildPhase section */

/* Begin PBXVariantGroup section */
		9351140A27CDAD03002A6C9E /* MainMenu.xib */ = {
			isa = PBXVariantGroup;
			children = (
				9351140B27CDAD03002A6C9E /* Base */,
			);
			name = MainMenu.xib;
			sourceTree = "<group>";
		};
/* End PBXVariantGroup section */

/* Begin XCBuildConfiguration section */
		9351141027CDAD03002A6C9E /* Debug */ = {
			isa = XCBuildConfiguration;
			buildSettings = {
				ALWAYS_SEARCH_USER_PATHS = NO;
				CLANG_ANALYZER_NONNULL = YES;
				CLANG_ANALYZER_NUMBER_OBJECT_CONVERSION = YES_AGGRESSIVE;
				CLANG_CXX_LANGUAGE_STANDARD = "gnu++17";
				CLANG_CXX_LIBRARY = "libc++";
				CLANG_ENABLE_MODULES = YES;
				CLANG_ENABLE_OBJC_ARC = YES;
				CLANG_ENABLE_OBJC_WEAK = YES;
				CLANG_WARN_BLOCK_CAPTURE_AUTORELEASING = YES;
				CLANG_WARN_BOOL_CONVERSION = YES;
				CLANG_WARN_COMMA = YES;
				CLANG_WARN_CONSTANT_CONVERSION = YES;
				CLANG_WARN_DEPRECATED_OBJC_IMPLEMENTATIONS = YES;
				CLANG_WARN_DIRECT_OBJC_ISA_USAGE = YES_ERROR;
				CLANG_WARN_DOCUMENTATION_COMMENTS = YES;
				CLANG_WARN_EMPTY_BODY = YES;
				CLANG_WARN_ENUM_CONVERSION = YES;
				CLANG_WARN_INFINITE_RECURSION = YES;
				CLANG_WARN_INT_CONVERSION = YES;
				CLANG_WARN_NON_LITERAL_NULL_CONVERSION = YES;
				CLANG_WARN_OBJC_IMPLICIT_RETAIN_SELF = YES;
				CLANG_WARN_OBJC_LITERAL_CONVERSION = YES;
				CLANG_WARN_OBJC_ROOT_CLASS = YES_ERROR;
				CLANG_WARN_QUOTED_INCLUDE_IN_FRAMEWORK_HEADER = YES;
				CLANG_WARN_RANGE_LOOP_ANALYSIS = YES;
				CLANG_WARN_STRICT_PROTOTYPES = YES;
				CLANG_WARN_SUSPICIOUS_MOVE = YES;
				CLANG_WARN_UNGUARDED_AVAILABILITY = YES_AGGRESSIVE;
				CLANG_WARN_UNREACHABLE_CODE = YES;
				CLANG_WARN__DUPLICATE_METHOD_MATCH = YES;
				COPY_PHASE_STRIP = NO;
				DEBUG_INFORMATION_FORMAT = dwarf;
				ENABLE_STRICT_OBJC_MSGSEND = YES;
				ENABLE_TESTABILITY = YES;
				GCC_C_LANGUAGE_STANDARD = gnu11;
				GCC_DYNAMIC_NO_PIC = NO;
				GCC_NO_COMMON_BLOCKS = YES;
				GCC_OPTIMIZATION_LEVEL = 0;
				GCC_PREPROCESSOR_DEFINITIONS = (
					"DEBUG=1",
					"$(inherited)",
				);
				GCC_WARN_64_TO_32_BIT_CONVERSION = YES;
				GCC_WARN_ABOUT_RETURN_TYPE = YES_ERROR;
				GCC_WARN_UNDECLARED_SELECTOR = YES;
				GCC_WARN_UNINITIALIZED_AUTOS = YES_AGGRESSIVE;
				GCC_WARN_UNUSED_FUNCTION = YES;
				GCC_WARN_UNUSED_VARIABLE = YES;
				MACOSX_DEPLOYMENT_TARGET = 10.13;
				MTL_ENABLE_DEBUG_INFO = INCLUDE_SOURCE;
				MTL_FAST_MATH = YES;
				ONLY_ACTIVE_ARCH = YES;
				SDKROOT = macosx;
			};
			name = Debug;
		};
		9351141127CDAD03002A6C9E /* Release */ = {
			isa = XCBuildConfiguration;
			buildSettings = {
				ALWAYS_SEARCH_USER_PATHS = NO;
				CLANG_ANALYZER_NONNULL = YES;
				CLANG_ANALYZER_NUMBER_OBJECT_CONVERSION = YES_AGGRESSIVE;
				CLANG_CXX_LANGUAGE_STANDARD = "gnu++17";
				CLANG_CXX_LIBRARY = "libc++";
				CLANG_ENABLE_MODULES = YES;
				CLANG_ENABLE_OBJC_ARC = YES;
				CLANG_ENABLE_OBJC_WEAK = YES;
				CLANG_WARN_BLOCK_CAPTURE_AUTORELEASING = YES;
				CLANG_WARN_BOOL_CONVERSION = YES;
				CLANG_WARN_COMMA = YES;
				CLANG_WARN_CONSTANT_CONVERSION = YES;
				CLANG_WARN_DEPRECATED_OBJC_IMPLEMENTATIONS = YES;
				CLANG_WARN_DIRECT_OBJC_ISA_USAGE = YES_ERROR;
				CLANG_WARN_DOCUMENTATION_COMMENTS = YES;
				CLANG_WARN_EMPTY_BODY = YES;
				CLANG_WARN_ENUM_CONVERSION = YES;
				CLANG_WARN_INFINITE_RECURSION = YES;
				CLANG_WARN_INT_CONVERSION = YES;
				CLANG_WARN_NON_LITERAL_NULL_CONVERSION = YES;
				CLANG_WARN_OBJC_IMPLICIT_RETAIN_SELF = YES;
				CLANG_WARN_OBJC_LITERAL_CONVERSION = YES;
				CLANG_WARN_OBJC_ROOT_CLASS = YES_ERROR;
				CLANG_WARN_QUOTED_INCLUDE_IN_FRAMEWORK_HEADER = YES;
				CLANG_WARN_RANGE_LOOP_ANALYSIS = YES;
				CLANG_WARN_STRICT_PROTOTYPES = YES;
				CLANG_WARN_SUSPICIOUS_MOVE = YES;
				CLANG_WARN_UNGUARDED_AVAILABILITY = YES_AGGRESSIVE;
				CLANG_WARN_UNREACHABLE_CODE = YES;
				CLANG_WARN__DUPLICATE_METHOD_MATCH = YES;
				COPY_PHASE_STRIP = NO;
				DEBUG_INFORMATION_FORMAT = "dwarf-with-dsym";
				ENABLE_NS_ASSERTIONS = NO;
				ENABLE_STRICT_OBJC_MSGSEND = YES;
				GCC_C_LANGUAGE_STANDARD = gnu11;
				GCC_NO_COMMON_BLOCKS = YES;
				GCC_WARN_64_TO_32_BIT_CONVERSION = YES;
				GCC_WARN_ABOUT_RETURN_TYPE = YES_ERROR;
				GCC_WARN_UNDECLARED_SELECTOR = YES;
				GCC_WARN_UNINITIALIZED_AUTOS = YES_AGGRESSIVE;
				GCC_WARN_UNUSED_FUNCTION = YES;
				GCC_WARN_UNUSED_VARIABLE = YES;
				MACOSX_DEPLOYMENT_TARGET = 10.13;
				MTL_ENABLE_DEBUG_INFO = NO;
				MTL_FAST_MATH = YES;
				SDKROOT = macosx;
			};
			name = Release;
		};
		9351141327CDAD03002A6C9E /* Debug */ = {
			isa = XCBuildConfiguration;
			buildSettings = {
				ASSETCATALOG_COMPILER_APPICON_NAME = AppIcon;
				ASSETCATALOG_COMPILER_GLOBAL_ACCENT_COLOR_NAME = AccentColor;
				CODE_SIGN_ENTITLEMENTS = MacScreenShare/MacScreenShare.entitlements;
				CODE_SIGN_STYLE = Automatic;
				COMBINE_HIDPI_IMAGES = YES;
				CURRENT_PROJECT_VERSION = 1;
				EXCLUDED_ARCHS = arm64;
				GENERATE_INFOPLIST_FILE = NO;
				HEADER_SEARCH_PATHS = /usr/local/include;
				INFOPLIST_FILE = MacScreenShare/Info.plist;
				INFOPLIST_KEY_NSHumanReadableCopyright = "";
				INFOPLIST_KEY_NSMainNibFile = MainMenu;
				INFOPLIST_KEY_NSPrincipalClass = NSApplication;
				LD_RUNPATH_SEARCH_PATHS = (
					"$(inherited)",
					"@executable_path/../Frameworks",
				);
				LIBRARY_SEARCH_PATHS = /usr/local/lib;
				MARKETING_VERSION = 1.0;
				OTHER_LDFLAGS = "-lyuv";
				PRODUCT_BUNDLE_IDENTIFIER = com.quantastar.MacScreenShare;
				PRODUCT_NAME = "$(TARGET_NAME)";
				SWIFT_EMIT_LOC_STRINGS = YES;
			};
			name = Debug;
		};
		9351141427CDAD03002A6C9E /* Release */ = {
			isa = XCBuildConfiguration;
			buildSettings = {
				ASSETCATALOG_COMPILER_APPICON_NAME = AppIcon;
				ASSETCATALOG_COMPILER_GLOBAL_ACCENT_COLOR_NAME = AccentColor;
				CODE_SIGN_ENTITLEMENTS = MacScreenShare/MacScreenShare.entitlements;
				CODE_SIGN_STYLE = Automatic;
				COMBINE_HIDPI_IMAGES = YES;
				CURRENT_PROJECT_VERSION = 1;
				EXCLUDED_ARCHS = arm64;
				GENERATE_INFOPLIST_FILE = NO;
				HEADER_SEARCH_PATHS = /usr/local/include;
				INFOPLIST_FILE = MacScreenShare/Info.plist;
				INFOPLIST_KEY_NSHumanReadableCopyright = "";
				INFOPLIST_KEY_NSMainNibFile = MainMenu;
				INFOPLIST_KEY_NSPrincipalClass = NSApplication;
				LD_RUNPATH_SEARCH_PATHS = (
					"$(inherited)",
					"@executable_path/../Frameworks",
				);
				LIBRARY_SEARCH_PATHS = /usr/local/lib;
				MARKETING_VERSION = 1.0;
				OTHER_LDFLAGS = "-lyuv";
				PRODUCT_BUNDLE_IDENTIFIER = com.quantastar.MacScreenShare;
				PRODUCT_NAME = "$(TARGET_NAME)";
				SWIFT_EMIT_LOC_STRINGS = YES;
			};
			name = Release;
		};
/* End XCBuildConfiguration section */

/* Begin XCConfigurationList section */
		935113FD27CDAD01002A6C9E /* Build configuration list for PBXProject "MacScreenShare" */ = {
			isa = XCConfigurationList;
			buildConfigurations = (
				9351141027CDAD03002A6C9E /* Debug */,
				9351141127CDAD03002A6C9E /* Release */,
			);
			defaultConfigurationIsVisible = 0;
			defaultConfigurationName = Release;
		};
		9351141227CDAD03002A6C9E /* Build configuration list for PBXNativeTarget "MacScreenShare" */ = {
			isa = XCConfigurationList;
			buildConfigurations = (
				9351141327CDAD03002A6C9E /* Debug */,
				9351141427CDAD03002A6C9E /* Release */,
			);
			defaultConfigurationIsVisible = 0;
			defaultConfigurationName = Release;
		};
/* End XCConfigurationList section */
	};
	rootObject = 935113FA27CDAD01002A6C9E /* Project object */;
}
